
Microsoft Visual Studio Solution File, Format Version 12.00
# Visual Studio Version 16
VisualStudioVersion = 16.0.29728.190
MinimumVisualStudioVersion = 10.0.40219.1
Project("{FAE04EC0-301F-11D3-BF4B-00C04F79EFBC}") = "PersonService", "PersonService\PersonService.csproj", "{F664D40D-D1D6-4A71-ABDE-A9651B3A4493}"
EndProject
Project("{FAE04EC0-301F-11D3-BF4B-00C04F79EFBC}") = "PersonServiceHost", "PersonServiceHost\PersonServiceHost.csproj", "{ABA09D4A-0980-497C-9FE0-BDA5C4BB4DD9}"
EndProject
Project("{FAE04EC0-301F-11D3-BF4B-00C04F79EFBC}") = "PersonServiceClientApi", "PersonServiceClientApi\PersonServiceClientApi.csproj", "{4F58E921-5436-4128-8EFA-2EE32F4C3CE4}"
EndProject
Global
	GlobalSection(SolutionConfigurationPlatforms) = preSolution
		Debug|Any CPU = Debug|Any CPU
		Release|Any CPU = Release|Any CPU
	EndGlobalSection
	GlobalSection(ProjectConfigurationPlatforms) = postSolution
		{F664D40D-D1D6-4A71-ABDE-A9651B3A4493}.Debug|Any CPU.ActiveCfg = Debug|Any CPU
		{F664D40D-D1D6-4A71-ABDE-A9651B3A4493}.Debug|Any CPU.Build.0 = Debug|Any CPU
		{F664D40D-D1D6-4A71-ABDE-A9651B3A4493}.Release|Any CPU.ActiveCfg = Release|Any CPU
		{F664D40D-D1D6-4A71-ABDE-A9651B3A4493}.Release|Any CPU.Build.0 = Release|Any CPU
		{ABA09D4A-0980-497C-9FE0-BDA5C4BB4DD9}.Debug|Any CPU.ActiveCfg = Debug|Any CPU
		{ABA09D4A-0980-497C-9FE0-BDA5C4BB4DD9}.Debug|Any CPU.Build.0 = Debug|Any CPU
		{ABA09D4A-0980-497C-9FE0-BDA5C4BB4DD9}.Release|Any CPU.ActiveCfg = Release|Any CPU
		{ABA09D4A-0980-497C-9FE0-BDA5C4BB4DD9}.Release|Any CPU.Build.0 = Release|Any CPU
		{4F58E921-5436-4128-8EFA-2EE32F4C3CE4}.Debug|Any CPU.ActiveCfg = Debug|Any CPU
		{4F58E921-5436-4128-8EFA-2EE32F4C3CE4}.Debug|Any CPU.Build.0 = Debug|Any CPU
		{4F58E921-5436-4128-8EFA-2EE32F4C3CE4}.Release|Any CPU.ActiveCfg = Release|Any CPU
		{4F58E921-5436-4128-8EFA-2EE32F4C3CE4}.Release|Any CPU.Build.0 = Release|Any CPU
	EndGlobalSection
	GlobalSection(SolutionProperties) = preSolution
		HideSolutionNode = FALSE
	EndGlobalSection
	GlobalSection(ExtensibilityGlobals) = postSolution
		SolutionGuid = {8962DDFE-DC81-4E5D-AAF7-8E3B4FB9D542}
	EndGlobalSection
EndGlobal
